// !$*UTF8*$!
{
	archiveVersion = 1;
	classes = {
	};
	objectVersion = 56;
	objects = {

/* Begin PBXBuildFile section */
		09454A262DC9F78A00A57DE9 /* CategoriesBottomSheetViewController.swift in Sources */ = {isa = PBXBuildFile; fileRef = 09454A252DC9F78A00A57DE9 /* CategoriesBottomSheetViewController.swift */; };
		09454A292DCA95C500A57DE9 /* FSCalendar in Frameworks */ = {isa = PBXBuildFile; productRef = 09454A282DCA95C500A57DE9 /* FSCalendar */; };
		09454A2B2DCA962200A57DE9 /* DatePickerBottomSheetViewController.swift in Sources */ = {isa = PBXBuildFile; fileRef = 09454A2A2DCA962200A57DE9 /* DatePickerBottomSheetViewController.swift */; };
		09454A2D2DCE97E200A57DE9 /* SettingsViewController.swift in Sources */ = {isa = PBXBuildFile; fileRef = 09454A2C2DCE97E100A57DE9 /* SettingsViewController.swift */; };
		095DF8782C10EA6F009C8117 /* AppDelegate.swift in Sources */ = {isa = PBXBuildFile; fileRef = 095DF8772C10EA6F009C8117 /* AppDelegate.swift */; };
		095DF87A2C10EA6F009C8117 /* SceneDelegate.swift in Sources */ = {isa = PBXBuildFile; fileRef = 095DF8792C10EA6F009C8117 /* SceneDelegate.swift */; };
		095DF87C2C10EA6F009C8117 /* MainViewController.swift in Sources */ = {isa = PBXBuildFile; fileRef = 095DF87B2C10EA6F009C8117 /* MainViewController.swift */; };
		095DF87F2C10EA6F009C8117 /* Main.storyboard in Resources */ = {isa = PBXBuildFile; fileRef = 095DF87D2C10EA6F009C8117 /* Main.storyboard */; };
		095DF8812C10EA71009C8117 /* Assets.xcassets in Resources */ = {isa = PBXBuildFile; fileRef = 095DF8802C10EA71009C8117 /* Assets.xcassets */; };
		095DF8842C10EA71009C8117 /* LaunchScreen.storyboard in Resources */ = {isa = PBXBuildFile; fileRef = 095DF8822C10EA71009C8117 /* LaunchScreen.storyboard */; };
		095DF88E2C123DF4009C8117 /* Lato-Black.ttf in Resources */ = {isa = PBXBuildFile; fileRef = 095DF88B2C123DF4009C8117 /* Lato-Black.ttf */; };
		095DF88F2C123DF4009C8117 /* Lato-Bold.ttf in Resources */ = {isa = PBXBuildFile; fileRef = 095DF88C2C123DF4009C8117 /* Lato-Bold.ttf */; };
		095DF8902C123DF4009C8117 /* Lato-Regular.ttf in Resources */ = {isa = PBXBuildFile; fileRef = 095DF88D2C123DF4009C8117 /* Lato-Regular.ttf */; };
		095DF8922C124943009C8117 /* UIColorExtension.swift in Sources */ = {isa = PBXBuildFile; fileRef = 095DF8912C124943009C8117 /* UIColorExtension.swift */; };
		09671F002C2A208A0098ECE8 /* DateCollectionViewCell.swift in Sources */ = {isa = PBXBuildFile; fileRef = 09671EFF2C2A208A0098ECE8 /* DateCollectionViewCell.swift */; };
		09671F022C2CA08F0098ECE8 /* RoundedLabel.swift in Sources */ = {isa = PBXBuildFile; fileRef = 09671F012C2CA08F0098ECE8 /* RoundedLabel.swift */; };
		09671F042C52D6E20098ECE8 /* ExpenseItemCell.swift in Sources */ = {isa = PBXBuildFile; fileRef = 09671F032C52D6E10098ECE8 /* ExpenseItemCell.swift */; };
		09671F062C52E3D80098ECE8 /* ExpenseItem.swift in Sources */ = {isa = PBXBuildFile; fileRef = 09671F052C52E3D80098ECE8 /* ExpenseItem.swift */; };
		097B3FD02DD283C5006ECD4E /* PrivacyPolicyViewController.swift in Sources */ = {isa = PBXBuildFile; fileRef = 097B3FCF2DD283C5006ECD4E /* PrivacyPolicyViewController.swift */; };
		09BD4A3F2DC7D24B00579C99 /* SwiftOpenAI in Frameworks */ = {isa = PBXBuildFile; productRef = 09BD4A3E2DC7D24B00579C99 /* SwiftOpenAI */; };
		09BD4A412DC7D3B200579C99 /* Config.plist in Resources */ = {isa = PBXBuildFile; fileRef = 09BD4A402DC7D3B200579C99 /* Config.plist */; };
		09BD4A452DC953ED00579C99 /* EditExpenseViewController.swift in Sources */ = {isa = PBXBuildFile; fileRef = 09BD4A442DC953ED00579C99 /* EditExpenseViewController.swift */; };
		09E6E9252DC5803A002831B4 /* data.xcdatamodeld in Sources */ = {isa = PBXBuildFile; fileRef = 09E6E9232DC5803A002831B4 /* data.xcdatamodeld */; };
		09E6E9332DC5855D002831B4 /* Lists+CoreDataProperties.swift in Sources */ = {isa = PBXBuildFile; fileRef = 09E6E9302DC5855D002831B4 /* Lists+CoreDataProperties.swift */; };
		09E6E9342DC5855D002831B4 /* ListsManager.swift in Sources */ = {isa = PBXBuildFile; fileRef = 09E6E9312DC5855D002831B4 /* ListsManager.swift */; };
		09E6E9352DC5855D002831B4 /* Lists+CoreDataClass.swift in Sources */ = {isa = PBXBuildFile; fileRef = 09E6E9322DC5855D002831B4 /* Lists+CoreDataClass.swift */; };
		09E6E93B2DC61DD7002831B4 /* ExpenseManager.swift in Sources */ = {isa = PBXBuildFile; fileRef = 09E6E93A2DC61DD7002831B4 /* ExpenseManager.swift */; };
		09E6E93D2DC62240002831B4 /* CategoriesManager.swift in Sources */ = {isa = PBXBuildFile; fileRef = 09E6E93C2DC62240002831B4 /* CategoriesManager.swift */; };
		09E6E9402DC62687002831B4 /* Categories+CoreDataProperties copy.swift in Sources */ = {isa = PBXBuildFile; fileRef = 09E6E93E2DC62687002831B4 /* Categories+CoreDataProperties copy.swift */; };
		09E6E9412DC62687002831B4 /* Categories+CoreDataClass copy.swift in Sources */ = {isa = PBXBuildFile; fileRef = 09E6E93F2DC62687002831B4 /* Categories+CoreDataClass copy.swift */; };
		09E6E9442DC627EE002831B4 /* Expense+CoreDataProperties copy.swift in Sources */ = {isa = PBXBuildFile; fileRef = 09E6E9422DC627EE002831B4 /* Expense+CoreDataProperties copy.swift */; };
		09E6E9452DC627EE002831B4 /* Expense+CoreDataClass copy.swift in Sources */ = {isa = PBXBuildFile; fileRef = 09E6E9432DC627EE002831B4 /* Expense+CoreDataClass copy.swift */; };
		09E6E9472DC628F9002831B4 /* ListsBottomSheetViewController.swift in Sources */ = {isa = PBXBuildFile; fileRef = 09E6E9462DC628F9002831B4 /* ListsBottomSheetViewController.swift */; };
		09E6E9492DC62A09002831B4 /* ListItemCell.swift in Sources */ = {isa = PBXBuildFile; fileRef = 09E6E9482DC62A09002831B4 /* ListItemCell.swift */; };
		09F85F012C1372E200DEB200 /* LoginViewController.swift in Sources */ = {isa = PBXBuildFile; fileRef = 09F85F002C1372E200DEB200 /* LoginViewController.swift */; };
		09F85F032C1448A400DEB200 /* Podfile in Resources */ = {isa = PBXBuildFile; fileRef = 09F85F022C1448A400DEB200 /* Podfile */; };
		09F85F052C1B821500DEB200 /* GoogleService-Info.plist in Resources */ = {isa = PBXBuildFile; fileRef = 09F85F042C1B821500DEB200 /* GoogleService-Info.plist */; };
		09F85F072C1CD9DF00DEB200 /* DashboardViewController.swift in Sources */ = {isa = PBXBuildFile; fileRef = 09F85F062C1CD9DF00DEB200 /* DashboardViewController.swift */; };
		09F85F092C1CE5A500DEB200 /* MenuTableViewController.swift in Sources */ = {isa = PBXBuildFile; fileRef = 09F85F082C1CE5A500DEB200 /* MenuTableViewController.swift */; };
		09F85F0B2C1DABC900DEB200 /* MenuItemCell.swift in Sources */ = {isa = PBXBuildFile; fileRef = 09F85F0A2C1DABC900DEB200 /* MenuItemCell.swift */; };
		09F85F0D2C1E2A9800DEB200 /* MenuViewController.swift in Sources */ = {isa = PBXBuildFile; fileRef = 09F85F0C2C1E2A9800DEB200 /* MenuViewController.swift */; };
		EA146A9C4DADCC9615FCD95C /* Pods_vyay.framework in Frameworks */ = {isa = PBXBuildFile; fileRef = 53E0A32F1AF036DF58B320BC /* Pods_vyay.framework */; };
/* End PBXBuildFile section */

/* Begin PBXFileReference section */
		09454A252DC9F78A00A57DE9 /* CategoriesBottomSheetViewController.swift */ = {isa = PBXFileReference; fileEncoding = 4; lastKnownFileType = sourcecode.swift; path = CategoriesBottomSheetViewController.swift; sourceTree = "<group>"; };
		09454A2A2DCA962200A57DE9 /* DatePickerBottomSheetViewController.swift */ = {isa = PBXFileReference; fileEncoding = 4; lastKnownFileType = sourcecode.swift; path = DatePickerBottomSheetViewController.swift; sourceTree = "<group>"; };
		09454A2C2DCE97E100A57DE9 /* SettingsViewController.swift */ = {isa = PBXFileReference; fileEncoding = 4; lastKnownFileType = sourcecode.swift; path = SettingsViewController.swift; sourceTree = "<group>"; };
		095DF8742C10EA6F009C8117 /* vyay.app */ = {isa = PBXFileReference; explicitFileType = wrapper.application; includeInIndex = 0; path = vyay.app; sourceTree = BUILT_PRODUCTS_DIR; };
		095DF8772C10EA6F009C8117 /* AppDelegate.swift */ = {isa = PBXFileReference; lastKnownFileType = sourcecode.swift; path = AppDelegate.swift; sourceTree = "<group>"; };
		095DF8792C10EA6F009C8117 /* SceneDelegate.swift */ = {isa = PBXFileReference; lastKnownFileType = sourcecode.swift; path = SceneDelegate.swift; sourceTree = "<group>"; };
		095DF87B2C10EA6F009C8117 /* MainViewController.swift */ = {isa = PBXFileReference; lastKnownFileType = sourcecode.swift; path = MainViewController.swift; sourceTree = "<group>"; };
		095DF87E2C10EA6F009C8117 /* Base */ = {isa = PBXFileReference; lastKnownFileType = file.storyboard; name = Base; path = Base.lproj/Main.storyboard; sourceTree = "<group>"; };
		095DF8802C10EA71009C8117 /* Assets.xcassets */ = {isa = PBXFileReference; lastKnownFileType = folder.assetcatalog; path = Assets.xcassets; sourceTree = "<group>"; };
		095DF8832C10EA71009C8117 /* Base */ = {isa = PBXFileReference; lastKnownFileType = file.storyboard; name = Base; path = Base.lproj/LaunchScreen.storyboard; sourceTree = "<group>"; };
		095DF8852C10EA71009C8117 /* Info.plist */ = {isa = PBXFileReference; lastKnownFileType = text.plist.xml; path = Info.plist; sourceTree = "<group>"; };
		095DF88B2C123DF4009C8117 /* Lato-Black.ttf */ = {isa = PBXFileReference; lastKnownFileType = file; name = "Lato-Black.ttf"; path = "fonts/Lato-Black.ttf"; sourceTree = "<group>"; };
		095DF88C2C123DF4009C8117 /* Lato-Bold.ttf */ = {isa = PBXFileReference; lastKnownFileType = file; name = "Lato-Bold.ttf"; path = "fonts/Lato-Bold.ttf"; sourceTree = "<group>"; };
		095DF88D2C123DF4009C8117 /* Lato-Regular.ttf */ = {isa = PBXFileReference; lastKnownFileType = file; name = "Lato-Regular.ttf"; path = "fonts/Lato-Regular.ttf"; sourceTree = "<group>"; };
		095DF8912C124943009C8117 /* UIColorExtension.swift */ = {isa = PBXFileReference; lastKnownFileType = sourcecode.swift; path = UIColorExtension.swift; sourceTree = "<group>"; };
		09671EFF2C2A208A0098ECE8 /* DateCollectionViewCell.swift */ = {isa = PBXFileReference; lastKnownFileType = sourcecode.swift; path = DateCollectionViewCell.swift; sourceTree = "<group>"; };
		09671F012C2CA08F0098ECE8 /* RoundedLabel.swift */ = {isa = PBXFileReference; lastKnownFileType = sourcecode.swift; path = RoundedLabel.swift; sourceTree = "<group>"; };
		09671F032C52D6E10098ECE8 /* ExpenseItemCell.swift */ = {isa = PBXFileReference; lastKnownFileType = sourcecode.swift; path = ExpenseItemCell.swift; sourceTree = "<group>"; };
		09671F052C52E3D80098ECE8 /* ExpenseItem.swift */ = {isa = PBXFileReference; lastKnownFileType = sourcecode.swift; path = ExpenseItem.swift; sourceTree = "<group>"; };
		097B3FCF2DD283C5006ECD4E /* PrivacyPolicyViewController.swift */ = {isa = PBXFileReference; lastKnownFileType = sourcecode.swift; path = PrivacyPolicyViewController.swift; sourceTree = "<group>"; };
		09BD4A402DC7D3B200579C99 /* Config.plist */ = {isa = PBXFileReference; fileEncoding = 4; lastKnownFileType = text.plist.xml; path = Config.plist; sourceTree = "<group>"; };
		09BD4A442DC953ED00579C99 /* EditExpenseViewController.swift */ = {isa = PBXFileReference; fileEncoding = 4; lastKnownFileType = sourcecode.swift; path = EditExpenseViewController.swift; sourceTree = "<group>"; };
		09E6E9242DC5803A002831B4 /* data.xcdatamodel */ = {isa = PBXFileReference; lastKnownFileType = wrapper.xcdatamodel; path = data.xcdatamodel; sourceTree = "<group>"; };
		09E6E9302DC5855D002831B4 /* Lists+CoreDataProperties.swift */ = {isa = PBXFileReference; fileEncoding = 4; lastKnownFileType = sourcecode.swift; path = "Lists+CoreDataProperties.swift"; sourceTree = "<group>"; };
		09E6E9312DC5855D002831B4 /* ListsManager.swift */ = {isa = PBXFileReference; fileEncoding = 4; lastKnownFileType = sourcecode.swift; path = ListsManager.swift; sourceTree = "<group>"; };
		09E6E9322DC5855D002831B4 /* Lists+CoreDataClass.swift */ = {isa = PBXFileReference; fileEncoding = 4; lastKnownFileType = sourcecode.swift; path = "Lists+CoreDataClass.swift"; sourceTree = "<group>"; };
		09E6E93A2DC61DD7002831B4 /* ExpenseManager.swift */ = {isa = PBXFileReference; fileEncoding = 4; lastKnownFileType = sourcecode.swift; name = ExpenseManager.swift; path = vyay/ExpenseManager.swift; sourceTree = "<group>"; };
		09E6E93C2DC62240002831B4 /* CategoriesManager.swift */ = {isa = PBXFileReference; fileEncoding = 4; lastKnownFileType = sourcecode.swift; name = CategoriesManager.swift; path = vyay/CategoriesManager.swift; sourceTree = "<group>"; };
		09E6E93E2DC62687002831B4 /* Categories+CoreDataProperties copy.swift */ = {isa = PBXFileReference; fileEncoding = 4; lastKnownFileType = sourcecode.swift; path = "Categories+CoreDataProperties copy.swift"; sourceTree = "<group>"; };
		09E6E93F2DC62687002831B4 /* Categories+CoreDataClass copy.swift */ = {isa = PBXFileReference; fileEncoding = 4; lastKnownFileType = sourcecode.swift; path = "Categories+CoreDataClass copy.swift"; sourceTree = "<group>"; };
		09E6E9422DC627EE002831B4 /* Expense+CoreDataProperties copy.swift */ = {isa = PBXFileReference; fileEncoding = 4; lastKnownFileType = sourcecode.swift; path = "Expense+CoreDataProperties copy.swift"; sourceTree = "<group>"; };
		09E6E9432DC627EE002831B4 /* Expense+CoreDataClass copy.swift */ = {isa = PBXFileReference; fileEncoding = 4; lastKnownFileType = sourcecode.swift; path = "Expense+CoreDataClass copy.swift"; sourceTree = "<group>"; };
		09E6E9462DC628F9002831B4 /* ListsBottomSheetViewController.swift */ = {isa = PBXFileReference; fileEncoding = 4; lastKnownFileType = sourcecode.swift; path = ListsBottomSheetViewController.swift; sourceTree = "<group>"; };
		09E6E9482DC62A09002831B4 /* ListItemCell.swift */ = {isa = PBXFileReference; fileEncoding = 4; lastKnownFileType = sourcecode.swift; path = ListItemCell.swift; sourceTree = "<group>"; };
		09F85F002C1372E200DEB200 /* LoginViewController.swift */ = {isa = PBXFileReference; lastKnownFileType = sourcecode.swift; path = LoginViewController.swift; sourceTree = "<group>"; };
		09F85F022C1448A400DEB200 /* Podfile */ = {isa = PBXFileReference; fileEncoding = 4; lastKnownFileType = text; path = Podfile; sourceTree = "<group>"; xcLanguageSpecificationIdentifier = xcode.lang.ruby; };
		09F85F042C1B821500DEB200 /* GoogleService-Info.plist */ = {isa = PBXFileReference; fileEncoding = 4; lastKnownFileType = text.plist.xml; path = "GoogleService-Info.plist"; sourceTree = "<group>"; };
		09F85F062C1CD9DF00DEB200 /* DashboardViewController.swift */ = {isa = PBXFileReference; lastKnownFileType = sourcecode.swift; path = DashboardViewController.swift; sourceTree = "<group>"; };
		09F85F082C1CE5A500DEB200 /* MenuTableViewController.swift */ = {isa = PBXFileReference; lastKnownFileType = sourcecode.swift; path = MenuTableViewController.swift; sourceTree = "<group>"; };
		09F85F0A2C1DABC900DEB200 /* MenuItemCell.swift */ = {isa = PBXFileReference; lastKnownFileType = sourcecode.swift; path = MenuItemCell.swift; sourceTree = "<group>"; };
		09F85F0C2C1E2A9800DEB200 /* MenuViewController.swift */ = {isa = PBXFileReference; lastKnownFileType = sourcecode.swift; path = MenuViewController.swift; sourceTree = "<group>"; };
		52D51EA1BB5EC2C547A50F92 /* Pods-vyay.release.xcconfig */ = {isa = PBXFileReference; includeInIndex = 1; lastKnownFileType = text.xcconfig; name = "Pods-vyay.release.xcconfig"; path = "Target Support Files/Pods-vyay/Pods-vyay.release.xcconfig"; sourceTree = "<group>"; };
		53E0A32F1AF036DF58B320BC /* Pods_vyay.framework */ = {isa = PBXFileReference; explicitFileType = wrapper.framework; includeInIndex = 0; path = Pods_vyay.framework; sourceTree = BUILT_PRODUCTS_DIR; };
		AB228AF5CB1BEEB12F35D112 /* Pods-vyay.debug.xcconfig */ = {isa = PBXFileReference; includeInIndex = 1; lastKnownFileType = text.xcconfig; name = "Pods-vyay.debug.xcconfig"; path = "Target Support Files/Pods-vyay/Pods-vyay.debug.xcconfig"; sourceTree = "<group>"; };
/* End PBXFileReference section */

/* Begin PBXFrameworksBuildPhase section */
		095DF8712C10EA6F009C8117 /* Frameworks */ = {
			isa = PBXFrameworksBuildPhase;
			buildActionMask = 2147483647;
			files = (
				09BD4A3F2DC7D24B00579C99 /* SwiftOpenAI in Frameworks */,
				09454A292DCA95C500A57DE9 /* FSCalendar in Frameworks */,
				EA146A9C4DADCC9615FCD95C /* Pods_vyay.framework in Frameworks */,
			);
			runOnlyForDeploymentPostprocessing = 0;
		};
/* End PBXFrameworksBuildPhase section */

/* Begin PBXGroup section */
		095DF86B2C10EA6E009C8117 = {
			isa = PBXGroup;
			children = (
				09E6E9422DC627EE002831B4 /* Expense+CoreDataProperties copy.swift */,
				09E6E9432DC627EE002831B4 /* Expense+CoreDataClass copy.swift */,
				09E6E93E2DC62687002831B4 /* Categories+CoreDataProperties copy.swift */,
				09E6E93F2DC62687002831B4 /* Categories+CoreDataClass copy.swift */,
				09E6E93C2DC62240002831B4 /* CategoriesManager.swift */,
				09E6E93A2DC61DD7002831B4 /* ExpenseManager.swift */,
				09E6E9322DC5855D002831B4 /* Lists+CoreDataClass.swift */,
				09E6E9302DC5855D002831B4 /* Lists+CoreDataProperties.swift */,
				09E6E9312DC5855D002831B4 /* ListsManager.swift */,
				09E6E9232DC5803A002831B4 /* data.xcdatamodeld */,
				09F85F042C1B821500DEB200 /* GoogleService-Info.plist */,
				09F85F022C1448A400DEB200 /* Podfile */,
				095DF8762C10EA6F009C8117 /* vyay */,
				095DF8752C10EA6F009C8117 /* Products */,
				6A010FF4D1F3798DFD63693B /* Pods */,
				9D815022516B9C3C3D9111B5 /* Frameworks */,
			);
			sourceTree = "<group>";
		};
		095DF8752C10EA6F009C8117 /* Products */ = {
			isa = PBXGroup;
			children = (
				095DF8742C10EA6F009C8117 /* vyay.app */,
			);
			name = Products;
			sourceTree = "<group>";
		};
		095DF8762C10EA6F009C8117 /* vyay */ = {
			isa = PBXGroup;
			children = (
				097B3FCF2DD283C5006ECD4E /* PrivacyPolicyViewController.swift */,
				09454A2C2DCE97E100A57DE9 /* SettingsViewController.swift */,
				09454A2A2DCA962200A57DE9 /* DatePickerBottomSheetViewController.swift */,
				09454A252DC9F78A00A57DE9 /* CategoriesBottomSheetViewController.swift */,
				09BD4A442DC953ED00579C99 /* EditExpenseViewController.swift */,
				09BD4A402DC7D3B200579C99 /* Config.plist */,
				09E6E9482DC62A09002831B4 /* ListItemCell.swift */,
				09E6E9462DC628F9002831B4 /* ListsBottomSheetViewController.swift */,
				095DF88B2C123DF4009C8117 /* Lato-Black.ttf */,
				095DF88C2C123DF4009C8117 /* Lato-Bold.ttf */,
				095DF88D2C123DF4009C8117 /* Lato-Regular.ttf */,
				095DF8772C10EA6F009C8117 /* AppDelegate.swift */,
				095DF8792C10EA6F009C8117 /* SceneDelegate.swift */,
				095DF87B2C10EA6F009C8117 /* MainViewController.swift */,
				095DF87D2C10EA6F009C8117 /* Main.storyboard */,
				095DF8802C10EA71009C8117 /* Assets.xcassets */,
				095DF8822C10EA71009C8117 /* LaunchScreen.storyboard */,
				095DF8852C10EA71009C8117 /* Info.plist */,
				095DF8912C124943009C8117 /* UIColorExtension.swift */,
				09F85F002C1372E200DEB200 /* LoginViewController.swift */,
				09F85F062C1CD9DF00DEB200 /* DashboardViewController.swift */,
				09F85F082C1CE5A500DEB200 /* MenuTableViewController.swift */,
				09F85F0A2C1DABC900DEB200 /* MenuItemCell.swift */,
				09F85F0C2C1E2A9800DEB200 /* MenuViewController.swift */,
				09671EFF2C2A208A0098ECE8 /* DateCollectionViewCell.swift */,
				09671F012C2CA08F0098ECE8 /* RoundedLabel.swift */,
				09671F032C52D6E10098ECE8 /* ExpenseItemCell.swift */,
				09671F052C52E3D80098ECE8 /* ExpenseItem.swift */,
			);
			path = vyay;
			sourceTree = "<group>";
		};
		6A010FF4D1F3798DFD63693B /* Pods */ = {
			isa = PBXGroup;
			children = (
				AB228AF5CB1BEEB12F35D112 /* Pods-vyay.debug.xcconfig */,
				52D51EA1BB5EC2C547A50F92 /* Pods-vyay.release.xcconfig */,
			);
			path = Pods;
			sourceTree = "<group>";
		};
		9D815022516B9C3C3D9111B5 /* Frameworks */ = {
			isa = PBXGroup;
			children = (
				53E0A32F1AF036DF58B320BC /* Pods_vyay.framework */,
			);
			name = Frameworks;
			sourceTree = "<group>";
		};
/* End PBXGroup section */

/* Begin PBXNativeTarget section */
		095DF8732C10EA6F009C8117 /* vyay */ = {
			isa = PBXNativeTarget;
			buildConfigurationList = 095DF8882C10EA71009C8117 /* Build configuration list for PBXNativeTarget "vyay" */;
			buildPhases = (
				C8638123986F1D828FA740DD /* [CP] Check Pods Manifest.lock */,
				095DF8702C10EA6F009C8117 /* Sources */,
				095DF8712C10EA6F009C8117 /* Frameworks */,
				095DF8722C10EA6F009C8117 /* Resources */,
				190DE83F955C590D5CF2F88E /* [CP] Embed Pods Frameworks */,
			);
			buildRules = (
			);
			dependencies = (
			);
			name = vyay;
			packageProductDependencies = (
				09BD4A3E2DC7D24B00579C99 /* SwiftOpenAI */,
				09454A282DCA95C500A57DE9 /* FSCalendar */,
			);
			productName = vyay;
			productReference = 095DF8742C10EA6F009C8117 /* vyay.app */;
			productType = "com.apple.product-type.application";
		};
/* End PBXNativeTarget section */

/* Begin PBXProject section */
		095DF86C2C10EA6E009C8117 /* Project object */ = {
			isa = PBXProject;
			attributes = {
				BuildIndependentTargetsInParallel = 1;
				LastSwiftUpdateCheck = 1520;
				LastUpgradeCheck = 1520;
				TargetAttributes = {
					095DF8732C10EA6F009C8117 = {
						CreatedOnToolsVersion = 15.2;
					};
				};
			};
			buildConfigurationList = 095DF86F2C10EA6E009C8117 /* Build configuration list for PBXProject "vyay" */;
			compatibilityVersion = "Xcode 14.0";
			developmentRegion = en;
			hasScannedForEncodings = 0;
			knownRegions = (
				en,
				Base,
			);
			mainGroup = 095DF86B2C10EA6E009C8117;
			packageReferences = (
				09BD4A3D2DC7D24B00579C99 /* XCRemoteSwiftPackageReference "SwiftOpenAI" */,
				09454A272DCA95C500A57DE9 /* XCRemoteSwiftPackageReference "FSCalendar" */,
			);
			productRefGroup = 095DF8752C10EA6F009C8117 /* Products */;
			projectDirPath = "";
			projectRoot = "";
			targets = (
				095DF8732C10EA6F009C8117 /* vyay */,
			);
		};
/* End PBXProject section */

/* Begin PBXResourcesBuildPhase section */
		095DF8722C10EA6F009C8117 /* Resources */ = {
			isa = PBXResourcesBuildPhase;
			buildActionMask = 2147483647;
			files = (
				095DF88E2C123DF4009C8117 /* Lato-Black.ttf in Resources */,
				09BD4A412DC7D3B200579C99 /* Config.plist in Resources */,
				09F85F052C1B821500DEB200 /* GoogleService-Info.plist in Resources */,
				095DF8902C123DF4009C8117 /* Lato-Regular.ttf in Resources */,
				095DF88F2C123DF4009C8117 /* Lato-Bold.ttf in Resources */,
				095DF8842C10EA71009C8117 /* LaunchScreen.storyboard in Resources */,
				095DF8812C10EA71009C8117 /* Assets.xcassets in Resources */,
				09F85F032C1448A400DEB200 /* Podfile in Resources */,
				095DF87F2C10EA6F009C8117 /* Main.storyboard in Resources */,
			);
			runOnlyForDeploymentPostprocessing = 0;
		};
/* End PBXResourcesBuildPhase section */

/* Begin PBXShellScriptBuildPhase section */
		190DE83F955C590D5CF2F88E /* [CP] Embed Pods Frameworks */ = {
			isa = PBXShellScriptBuildPhase;
			buildActionMask = 2147483647;
			files = (
			);
			inputFileListPaths = (
				"${PODS_ROOT}/Target Support Files/Pods-vyay/Pods-vyay-frameworks-${CONFIGURATION}-input-files.xcfilelist",
			);
			inputPaths = (
			);
			name = "[CP] Embed Pods Frameworks";
			outputFileListPaths = (
				"${PODS_ROOT}/Target Support Files/Pods-vyay/Pods-vyay-frameworks-${CONFIGURATION}-output-files.xcfilelist",
			);
			outputPaths = (
			);
			runOnlyForDeploymentPostprocessing = 0;
			shellPath = /bin/sh;
			shellScript = "\"${PODS_ROOT}/Target Support Files/Pods-vyay/Pods-vyay-frameworks.sh\"\n";
			showEnvVarsInLog = 0;
		};
		C8638123986F1D828FA740DD /* [CP] Check Pods Manifest.lock */ = {
			isa = PBXShellScriptBuildPhase;
			buildActionMask = 2147483647;
			files = (
			);
			inputFileListPaths = (
			);
			inputPaths = (
				"${PODS_PODFILE_DIR_PATH}/Podfile.lock",
				"${PODS_ROOT}/Manifest.lock",
			);
			name = "[CP] Check Pods Manifest.lock";
			outputFileListPaths = (
			);
			outputPaths = (
				"$(DERIVED_FILE_DIR)/Pods-vyay-checkManifestLockResult.txt",
			);
			runOnlyForDeploymentPostprocessing = 0;
			shellPath = /bin/sh;
			shellScript = "diff \"${PODS_PODFILE_DIR_PATH}/Podfile.lock\" \"${PODS_ROOT}/Manifest.lock\" > /dev/null\nif [ $? != 0 ] ; then\n    # print error to STDERR\n    echo \"error: The sandbox is not in sync with the Podfile.lock. Run 'pod install' or update your CocoaPods installation.\" >&2\n    exit 1\nfi\n# This output is used by Xcode 'outputs' to avoid re-running this script phase.\necho \"SUCCESS\" > \"${SCRIPT_OUTPUT_FILE_0}\"\n";
			showEnvVarsInLog = 0;
		};
/* End PBXShellScriptBuildPhase section */

/* Begin PBXSourcesBuildPhase section */
		095DF8702C10EA6F009C8117 /* Sources */ = {
			isa = PBXSourcesBuildPhase;
			buildActionMask = 2147483647;
			files = (
				095DF87C2C10EA6F009C8117 /* MainViewController.swift in Sources */,
				09E6E9402DC62687002831B4 /* Categories+CoreDataProperties copy.swift in Sources */,
				09E6E9452DC627EE002831B4 /* Expense+CoreDataClass copy.swift in Sources */,
				09F85F0B2C1DABC900DEB200 /* MenuItemCell.swift in Sources */,
				09E6E93B2DC61DD7002831B4 /* ExpenseManager.swift in Sources */,
				09E6E9332DC5855D002831B4 /* Lists+CoreDataProperties.swift in Sources */,
				09671F062C52E3D80098ECE8 /* ExpenseItem.swift in Sources */,
				09F85F092C1CE5A500DEB200 /* MenuTableViewController.swift in Sources */,
				09E6E9352DC5855D002831B4 /* Lists+CoreDataClass.swift in Sources */,
				09F85F072C1CD9DF00DEB200 /* DashboardViewController.swift in Sources */,
				09F85F0D2C1E2A9800DEB200 /* MenuViewController.swift in Sources */,
				09E6E9342DC5855D002831B4 /* ListsManager.swift in Sources */,
				095DF8782C10EA6F009C8117 /* AppDelegate.swift in Sources */,
				09E6E9252DC5803A002831B4 /* data.xcdatamodeld in Sources */,
				09E6E9492DC62A09002831B4 /* ListItemCell.swift in Sources */,
				09671F022C2CA08F0098ECE8 /* RoundedLabel.swift in Sources */,
				095DF87A2C10EA6F009C8117 /* SceneDelegate.swift in Sources */,
				09F85F012C1372E200DEB200 /* LoginViewController.swift in Sources */,
				09671F002C2A208A0098ECE8 /* DateCollectionViewCell.swift in Sources */,
				09E6E93D2DC62240002831B4 /* CategoriesManager.swift in Sources */,
				09454A262DC9F78A00A57DE9 /* CategoriesBottomSheetViewController.swift in Sources */,
				09E6E9472DC628F9002831B4 /* ListsBottomSheetViewController.swift in Sources */,
				095DF8922C124943009C8117 /* UIColorExtension.swift in Sources */,
				09454A2D2DCE97E200A57DE9 /* SettingsViewController.swift in Sources */,
				09671F042C52D6E20098ECE8 /* ExpenseItemCell.swift in Sources */,
				09BD4A452DC953ED00579C99 /* EditExpenseViewController.swift in Sources */,
				09454A2B2DCA962200A57DE9 /* DatePickerBottomSheetViewController.swift in Sources */,
				097B3FD02DD283C5006ECD4E /* PrivacyPolicyViewController.swift in Sources */,
				09E6E9442DC627EE002831B4 /* Expense+CoreDataProperties copy.swift in Sources */,
				09E6E9412DC62687002831B4 /* Categories+CoreDataClass copy.swift in Sources */,
			);
			runOnlyForDeploymentPostprocessing = 0;
		};
/* End PBXSourcesBuildPhase section */

/* Begin PBXVariantGroup section */
		095DF87D2C10EA6F009C8117 /* Main.storyboard */ = {
			isa = PBXVariantGroup;
			children = (
				095DF87E2C10EA6F009C8117 /* Base */,
			);
			name = Main.storyboard;
			sourceTree = "<group>";
		};
		095DF8822C10EA71009C8117 /* LaunchScreen.storyboard */ = {
			isa = PBXVariantGroup;
			children = (
				095DF8832C10EA71009C8117 /* Base */,
			);
			name = LaunchScreen.storyboard;
			sourceTree = "<group>";
		};
/* End PBXVariantGroup section */

/* Begin XCBuildConfiguration section */
		095DF8862C10EA71009C8117 /* Debug */ = {
			isa = XCBuildConfiguration;
			buildSettings = {
				ALWAYS_SEARCH_USER_PATHS = NO;
				ASSETCATALOG_COMPILER_GENERATE_SWIFT_ASSET_SYMBOL_EXTENSIONS = YES;
				CLANG_ANALYZER_NONNULL = YES;
				CLANG_ANALYZER_NUMBER_OBJECT_CONVERSION = YES_AGGRESSIVE;
				CLANG_CXX_LANGUAGE_STANDARD = "gnu++20";
				CLANG_ENABLE_MODULES = YES;
				CLANG_ENABLE_OBJC_ARC = YES;
				CLANG_ENABLE_OBJC_WEAK = YES;
				CLANG_WARN_BLOCK_CAPTURE_AUTORELEASING = YES;
				CLANG_WARN_BOOL_CONVERSION = YES;
				CLANG_WARN_COMMA = YES;
				CLANG_WARN_CONSTANT_CONVERSION = YES;
				CLANG_WARN_DEPRECATED_OBJC_IMPLEMENTATIONS = YES;
				CLANG_WARN_DIRECT_OBJC_ISA_USAGE = YES_ERROR;
				CLANG_WARN_DOCUMENTATION_COMMENTS = YES;
				CLANG_WARN_EMPTY_BODY = YES;
				CLANG_WARN_ENUM_CONVERSION = YES;
				CLANG_WARN_INFINITE_RECURSION = YES;
				CLANG_WARN_INT_CONVERSION = YES;
				CLANG_WARN_NON_LITERAL_NULL_CONVERSION = YES;
				CLANG_WARN_OBJC_IMPLICIT_RETAIN_SELF = YES;
				CLANG_WARN_OBJC_LITERAL_CONVERSION = YES;
				CLANG_WARN_OBJC_ROOT_CLASS = YES_ERROR;
				CLANG_WARN_QUOTED_INCLUDE_IN_FRAMEWORK_HEADER = YES;
				CLANG_WARN_RANGE_LOOP_ANALYSIS = YES;
				CLANG_WARN_STRICT_PROTOTYPES = YES;
				CLANG_WARN_SUSPICIOUS_MOVE = YES;
				CLANG_WARN_UNGUARDED_AVAILABILITY = YES_AGGRESSIVE;
				CLANG_WARN_UNREACHABLE_CODE = YES;
				CLANG_WARN__DUPLICATE_METHOD_MATCH = YES;
				COPY_PHASE_STRIP = NO;
				DEBUG_INFORMATION_FORMAT = dwarf;
				ENABLE_STRICT_OBJC_MSGSEND = YES;
				ENABLE_TESTABILITY = YES;
				ENABLE_USER_SCRIPT_SANDBOXING = YES;
				GCC_C_LANGUAGE_STANDARD = gnu17;
				GCC_DYNAMIC_NO_PIC = NO;
				GCC_NO_COMMON_BLOCKS = YES;
				GCC_OPTIMIZATION_LEVEL = 0;
				GCC_PREPROCESSOR_DEFINITIONS = (
					"DEBUG=1",
					"$(inherited)",
				);
				GCC_WARN_64_TO_32_BIT_CONVERSION = YES;
				GCC_WARN_ABOUT_RETURN_TYPE = YES_ERROR;
				GCC_WARN_UNDECLARED_SELECTOR = YES;
				GCC_WARN_UNINITIALIZED_AUTOS = YES_AGGRESSIVE;
				GCC_WARN_UNUSED_FUNCTION = YES;
				GCC_WARN_UNUSED_VARIABLE = YES;
				IPHONEOS_DEPLOYMENT_TARGET = 17.2;
				LOCALIZATION_PREFERS_STRING_CATALOGS = YES;
				MTL_ENABLE_DEBUG_INFO = INCLUDE_SOURCE;
				MTL_FAST_MATH = YES;
				ONLY_ACTIVE_ARCH = YES;
				SDKROOT = iphoneos;
				SWIFT_ACTIVE_COMPILATION_CONDITIONS = "DEBUG $(inherited)";
				SWIFT_OPTIMIZATION_LEVEL = "-Onone";
			};
			name = Debug;
		};
		095DF8872C10EA71009C8117 /* Release */ = {
			isa = XCBuildConfiguration;
			buildSettings = {
				ALWAYS_SEARCH_USER_PATHS = NO;
				ASSETCATALOG_COMPILER_GENERATE_SWIFT_ASSET_SYMBOL_EXTENSIONS = YES;
				CLANG_ANALYZER_NONNULL = YES;
				CLANG_ANALYZER_NUMBER_OBJECT_CONVERSION = YES_AGGRESSIVE;
				CLANG_CXX_LANGUAGE_STANDARD = "gnu++20";
				CLANG_ENABLE_MODULES = YES;
				CLANG_ENABLE_OBJC_ARC = YES;
				CLANG_ENABLE_OBJC_WEAK = YES;
				CLANG_WARN_BLOCK_CAPTURE_AUTORELEASING = YES;
				CLANG_WARN_BOOL_CONVERSION = YES;
				CLANG_WARN_COMMA = YES;
				CLANG_WARN_CONSTANT_CONVERSION = YES;
				CLANG_WARN_DEPRECATED_OBJC_IMPLEMENTATIONS = YES;
				CLANG_WARN_DIRECT_OBJC_ISA_USAGE = YES_ERROR;
				CLANG_WARN_DOCUMENTATION_COMMENTS = YES;
				CLANG_WARN_EMPTY_BODY = YES;
				CLANG_WARN_ENUM_CONVERSION = YES;
				CLANG_WARN_INFINITE_RECURSION = YES;
				CLANG_WARN_INT_CONVERSION = YES;
				CLANG_WARN_NON_LITERAL_NULL_CONVERSION = YES;
				CLANG_WARN_OBJC_IMPLICIT_RETAIN_SELF = YES;
				CLANG_WARN_OBJC_LITERAL_CONVERSION = YES;
				CLANG_WARN_OBJC_ROOT_CLASS = YES_ERROR;
				CLANG_WARN_QUOTED_INCLUDE_IN_FRAMEWORK_HEADER = YES;
				CLANG_WARN_RANGE_LOOP_ANALYSIS = YES;
				CLANG_WARN_STRICT_PROTOTYPES = YES;
				CLANG_WARN_SUSPICIOUS_MOVE = YES;
				CLANG_WARN_UNGUARDED_AVAILABILITY = YES_AGGRESSIVE;
				CLANG_WARN_UNREACHABLE_CODE = YES;
				CLANG_WARN__DUPLICATE_METHOD_MATCH = YES;
				COPY_PHASE_STRIP = NO;
				DEBUG_INFORMATION_FORMAT = "dwarf-with-dsym";
				ENABLE_NS_ASSERTIONS = NO;
				ENABLE_STRICT_OBJC_MSGSEND = YES;
				ENABLE_USER_SCRIPT_SANDBOXING = YES;
				GCC_C_LANGUAGE_STANDARD = gnu17;
				GCC_NO_COMMON_BLOCKS = YES;
				GCC_WARN_64_TO_32_BIT_CONVERSION = YES;
				GCC_WARN_ABOUT_RETURN_TYPE = YES_ERROR;
				GCC_WARN_UNDECLARED_SELECTOR = YES;
				GCC_WARN_UNINITIALIZED_AUTOS = YES_AGGRESSIVE;
				GCC_WARN_UNUSED_FUNCTION = YES;
				GCC_WARN_UNUSED_VARIABLE = YES;
				IPHONEOS_DEPLOYMENT_TARGET = 17.2;
				LOCALIZATION_PREFERS_STRING_CATALOGS = YES;
				MTL_ENABLE_DEBUG_INFO = NO;
				MTL_FAST_MATH = YES;
				SDKROOT = iphoneos;
				SWIFT_COMPILATION_MODE = wholemodule;
				VALIDATE_PRODUCT = YES;
			};
			name = Release;
		};
		095DF8892C10EA71009C8117 /* Debug */ = {
			isa = XCBuildConfiguration;
			baseConfigurationReference = AB228AF5CB1BEEB12F35D112 /* Pods-vyay.debug.xcconfig */;
			buildSettings = {
				ASSETCATALOG_COMPILER_APPICON_NAME = AppIcon;
				ASSETCATALOG_COMPILER_GLOBAL_ACCENT_COLOR_NAME = AccentColor;
				CODE_SIGN_STYLE = Automatic;
				CURRENT_PROJECT_VERSION = 3;
				DEVELOPMENT_TEAM = F54SSP5849;
				ENABLE_USER_SCRIPT_SANDBOXING = NO;
				GENERATE_INFOPLIST_FILE = YES;
				INFOPLIST_FILE = vyay/Info.plist;
				INFOPLIST_KEY_CFBundleDisplayName = "Vyay - AI Expense Tracker";
				INFOPLIST_KEY_LSApplicationCategoryType = "public.app-category.finance";
				INFOPLIST_KEY_UIApplicationSupportsIndirectInputEvents = YES;
				INFOPLIST_KEY_UILaunchStoryboardName = LaunchScreen;
				INFOPLIST_KEY_UIMainStoryboardFile = Main;
				INFOPLIST_KEY_UISupportedInterfaceOrientations_iPad = "UIInterfaceOrientationPortrait UIInterfaceOrientationPortraitUpsideDown UIInterfaceOrientationLandscapeLeft UIInterfaceOrientationLandscapeRight";
				INFOPLIST_KEY_UISupportedInterfaceOrientations_iPhone = "UIInterfaceOrientationPortrait UIInterfaceOrientationLandscapeLeft UIInterfaceOrientationLandscapeRight";
				LD_RUNPATH_SEARCH_PATHS = (
					"$(inherited)",
					"@executable_path/Frameworks",
				);
				MARKETING_VERSION = 0.51;
				PRODUCT_BUNDLE_IDENTIFIER = com.vyayapp.vyay;
				PRODUCT_NAME = "$(TARGET_NAME)";
				SUPPORTED_PLATFORMS = "iphoneos iphonesimulator";
				SUPPORTS_MACCATALYST = NO;
				SUPPORTS_MAC_DESIGNED_FOR_IPHONE_IPAD = NO;
				SUPPORTS_XR_DESIGNED_FOR_IPHONE_IPAD = NO;
				SWIFT_EMIT_LOC_STRINGS = YES;
				SWIFT_VERSION = 5.0;
				TARGETED_DEVICE_FAMILY = 1;
			};
			name = Debug;
		};
		095DF88A2C10EA71009C8117 /* Release */ = {
			isa = XCBuildConfiguration;
			baseConfigurationReference = 52D51EA1BB5EC2C547A50F92 /* Pods-vyay.release.xcconfig */;
			buildSettings = {
				ASSETCATALOG_COMPILER_APPICON_NAME = AppIcon;
				ASSETCATALOG_COMPILER_GLOBAL_ACCENT_COLOR_NAME = AccentColor;
				CODE_SIGN_STYLE = Automatic;
				CURRENT_PROJECT_VERSION = 3;
				DEVELOPMENT_TEAM = F54SSP5849;
				ENABLE_USER_SCRIPT_SANDBOXING = NO;
				GENERATE_INFOPLIST_FILE = YES;
				INFOPLIST_FILE = vyay/Info.plist;
				INFOPLIST_KEY_CFBundleDisplayName = "Vyay - AI Expense Tracker";
				INFOPLIST_KEY_LSApplicationCategoryType = "public.app-category.finance";
				INFOPLIST_KEY_UIApplicationSupportsIndirectInputEvents = YES;
				INFOPLIST_KEY_UILaunchStoryboardName = LaunchScreen;
				INFOPLIST_KEY_UIMainStoryboardFile = Main;
				INFOPLIST_KEY_UISupportedInterfaceOrientations_iPad = "UIInterfaceOrientationPortrait UIInterfaceOrientationPortraitUpsideDown UIInterfaceOrientationLandscapeLeft UIInterfaceOrientationLandscapeRight";
				INFOPLIST_KEY_UISupportedInterfaceOrientations_iPhone = "UIInterfaceOrientationPortrait UIInterfaceOrientationLandscapeLeft UIInterfaceOrientationLandscapeRight";
				LD_RUNPATH_SEARCH_PATHS = (
					"$(inherited)",
					"@executable_path/Frameworks",
				);
				MARKETING_VERSION = 0.51;
				PRODUCT_BUNDLE_IDENTIFIER = com.vyayapp.vyay;
				PRODUCT_NAME = "$(TARGET_NAME)";
				SUPPORTED_PLATFORMS = "iphoneos iphonesimulator";
				SUPPORTS_MACCATALYST = NO;
				SUPPORTS_MAC_DESIGNED_FOR_IPHONE_IPAD = NO;
				SUPPORTS_XR_DESIGNED_FOR_IPHONE_IPAD = NO;
				SWIFT_EMIT_LOC_STRINGS = YES;
				SWIFT_VERSION = 5.0;
				TARGETED_DEVICE_FAMILY = 1;
			};
			name = Release;
		};
/* End XCBuildConfiguration section */

/* Begin XCConfigurationList section */
		095DF86F2C10EA6E009C8117 /* Build configuration list for PBXProject "vyay" */ = {
			isa = XCConfigurationList;
			buildConfigurations = (
				095DF8862C10EA71009C8117 /* Debug */,
				095DF8872C10EA71009C8117 /* Release */,
			);
			defaultConfigurationIsVisible = 0;
			defaultConfigurationName = Release;
		};
		095DF8882C10EA71009C8117 /* Build configuration list for PBXNativeTarget "vyay" */ = {
			isa = XCConfigurationList;
			buildConfigurations = (
				095DF8892C10EA71009C8117 /* Debug */,
				095DF88A2C10EA71009C8117 /* Release */,
			);
			defaultConfigurationIsVisible = 0;
			defaultConfigurationName = Release;
		};
/* End XCConfigurationList section */

/* Begin XCRemoteSwiftPackageReference section */
		09454A272DCA95C500A57DE9 /* XCRemoteSwiftPackageReference "FSCalendar" */ = {
			isa = XCRemoteSwiftPackageReference;
			repositoryURL = "https://github.com/WenchaoD/FSCalendar.git";
			requirement = {
				kind = upToNextMajorVersion;
				minimumVersion = 2.8.4;
			};
		};
		09BD4A3D2DC7D24B00579C99 /* XCRemoteSwiftPackageReference "SwiftOpenAI" */ = {
			isa = XCRemoteSwiftPackageReference;
			repositoryURL = "https://github.com/SwiftBeta/SwiftOpenAI.git";
			requirement = {
				kind = upToNextMajorVersion;
				minimumVersion = 1.9.0;
			};
		};
/* End XCRemoteSwiftPackageReference section */

/* Begin XCSwiftPackageProductDependency section */
		09454A282DCA95C500A57DE9 /* FSCalendar */ = {
			isa = XCSwiftPackageProductDependency;
			package = 09454A272DCA95C500A57DE9 /* XCRemoteSwiftPackageReference "FSCalendar" */;
			productName = FSCalendar;
		};
		09BD4A3E2DC7D24B00579C99 /* SwiftOpenAI */ = {
			isa = XCSwiftPackageProductDependency;
			package = 09BD4A3D2DC7D24B00579C99 /* XCRemoteSwiftPackageReference "SwiftOpenAI" */;
			productName = SwiftOpenAI;
		};
/* End XCSwiftPackageProductDependency section */

/* Begin XCVersionGroup section */
		09E6E9232DC5803A002831B4 /* data.xcdatamodeld */ = {
			isa = XCVersionGroup;
			children = (
				09E6E9242DC5803A002831B4 /* data.xcdatamodel */,
			);
			currentVersion = 09E6E9242DC5803A002831B4 /* data.xcdatamodel */;
			path = data.xcdatamodeld;
			sourceTree = "<group>";
			usesTabs = 0;
			versionGroupType = wrapper.xcdatamodel;
		};
/* End XCVersionGroup section */
	};
	rootObject = 095DF86C2C10EA6E009C8117 /* Project object */;
}
